
Microsoft Visual Studio Solution File, Format Version 12.00
# Visual Studio Version 17
VisualStudioVersion = 17.4.33122.133
MinimumVisualStudioVersion = 10.0.40219.1
Project("{FAE04EC0-301F-11D3-BF4B-00C04F79EFBC}") = "Parcial1_1201619", "Parcial1_1201619\Parcial1_1201619.csproj", "{712E959A-A5DC-4ECD-8003-EEE221F21D63}"
EndProject
Global
	GlobalSection(SolutionConfigurationPlatforms) = preSolution
		Debug|Any CPU = Debug|Any CPU
		Release|Any CPU = Release|Any CPU
	EndGlobalSection
	GlobalSection(ProjectConfigurationPlatforms) = postSolution
		{712E959A-A5DC-4ECD-8003-EEE221F21D63}.Debug|Any CPU.ActiveCfg = Debug|Any CPU
		{712E959A-A5DC-4ECD-8003-EEE221F21D63}.Debug|Any CPU.Build.0 = Debug|Any CPU
		{712E959A-A5DC-4ECD-8003-EEE221F21D63}.Release|Any CPU.ActiveCfg = Release|Any CPU
		{712E959A-A5DC-4ECD-8003-EEE221F21D63}.Release|Any CPU.Build.0 = Release|Any CPU
	EndGlobalSection
	GlobalSection(SolutionProperties) = preSolution
		HideSolutionNode = FALSE
	EndGlobalSection
	GlobalSection(ExtensibilityGlobals) = postSolution
		SolutionGuid = {F45E90BA-FD31-4AD0-A0F7-D714ECFE4787}
	EndGlobalSection
EndGlobal
